// !$*UTF8*$!
{
	archiveVersion = 1;
	classes = {
	};
	objectVersion = 46;
	objects = {

/* Begin PBXBuildFile section */
		FD2927FF1A849E5400D9C49F /* AppDelegate.swift in Sources */ = {isa = PBXBuildFile; fileRef = FD2927FE1A849E5400D9C49F /* AppDelegate.swift */; };
		FD2928011A849E5400D9C49F /* ViewController.swift in Sources */ = {isa = PBXBuildFile; fileRef = FD2928001A849E5400D9C49F /* ViewController.swift */; };
		FD2928041A849E5400D9C49F /* Main.storyboard in Resources */ = {isa = PBXBuildFile; fileRef = FD2928021A849E5400D9C49F /* Main.storyboard */; };
		FD2928061A849E5400D9C49F /* Images.xcassets in Resources */ = {isa = PBXBuildFile; fileRef = FD2928051A849E5400D9C49F /* Images.xcassets */; };
		FD2928091A849E5400D9C49F /* LaunchScreen.xib in Resources */ = {isa = PBXBuildFile; fileRef = FD2928071A849E5400D9C49F /* LaunchScreen.xib */; };
		FD2928151A849E5400D9C49F /* TipCalculatorTests.swift in Sources */ = {isa = PBXBuildFile; fileRef = FD2928141A849E5400D9C49F /* TipCalculatorTests.swift */; };
		FD29281F1A84A83100D9C49F /* TipCalculatorModel.swift in Sources */ = {isa = PBXBuildFile; fileRef = FD29281E1A84A83100D9C49F /* TipCalculatorModel.swift */; };
		FD2928211A84B70900D9C49F /* 1429_120627161341G9.png in Resources */ = {isa = PBXBuildFile; fileRef = FD2928201A84B70900D9C49F /* 1429_120627161341G9.png */; };
		FD6B8ACB1AB9537300248FDF /* tick-ok-sign-26707.jpg in Resources */ = {isa = PBXBuildFile; fileRef = FD6B8ACA1AB9537300248FDF /* tick-ok-sign-26707.jpg */; };
/* End PBXBuildFile section */

/* Begin PBXContainerItemProxy section */
		FD29280F1A849E5400D9C49F /* PBXContainerItemProxy */ = {
			isa = PBXContainerItemProxy;
			containerPortal = FD2927F11A849E5400D9C49F /* Project object */;
			proxyType = 1;
			remoteGlobalIDString = FD2927F81A849E5400D9C49F;
			remoteInfo = TipCalculator;
		};
/* End PBXContainerItemProxy section */

/* Begin PBXFileReference section */
		FD2927F91A849E5400D9C49F /* TipCalculator.app */ = {isa = PBXFileReference; explicitFileType = wrapper.application; includeInIndex = 0; path = TipCalculator.app; sourceTree = BUILT_PRODUCTS_DIR; };
		FD2927FD1A849E5400D9C49F /* Info.plist */ = {isa = PBXFileReference; lastKnownFileType = text.plist.xml; path = Info.plist; sourceTree = "<group>"; };
		FD2927FE1A849E5400D9C49F /* AppDelegate.swift */ = {isa = PBXFileReference; lastKnownFileType = sourcecode.swift; path = AppDelegate.swift; sourceTree = "<group>"; };
		FD2928001A849E5400D9C49F /* ViewController.swift */ = {isa = PBXFileReference; lastKnownFileType = sourcecode.swift; path = ViewController.swift; sourceTree = "<group>"; };
		FD2928031A849E5400D9C49F /* Base */ = {isa = PBXFileReference; lastKnownFileType = file.storyboard; name = Base; path = Base.lproj/Main.storyboard; sourceTree = "<group>"; };
		FD2928051A849E5400D9C49F /* Images.xcassets */ = {isa = PBXFileReference; lastKnownFileType = folder.assetcatalog; path = Images.xcassets; sourceTree = "<group>"; };
		FD2928081A849E5400D9C49F /* Base */ = {isa = PBXFileReference; lastKnownFileType = file.xib; name = Base; path = Base.lproj/LaunchScreen.xib; sourceTree = "<group>"; };
		FD29280E1A849E5400D9C49F /* TipCalculatorTests.xctest */ = {isa = PBXFileReference; explicitFileType = wrapper.cfbundle; includeInIndex = 0; path = TipCalculatorTests.xctest; sourceTree = BUILT_PRODUCTS_DIR; };
		FD2928131A849E5400D9C49F /* Info.plist */ = {isa = PBXFileReference; lastKnownFileType = text.plist.xml; path = Info.plist; sourceTree = "<group>"; };
		FD2928141A849E5400D9C49F /* TipCalculatorTests.swift */ = {isa = PBXFileReference; lastKnownFileType = sourcecode.swift; path = TipCalculatorTests.swift; sourceTree = "<group>"; };
		FD29281E1A84A83100D9C49F /* TipCalculatorModel.swift */ = {isa = PBXFileReference; fileEncoding = 4; lastKnownFileType = sourcecode.swift; path = TipCalculatorModel.swift; sourceTree = "<group>"; };
		FD2928201A84B70900D9C49F /* 1429_120627161341G9.png */ = {isa = PBXFileReference; lastKnownFileType = image.png; path = 1429_120627161341G9.png; sourceTree = "<group>"; };
		FD6B8ACA1AB9537300248FDF /* tick-ok-sign-26707.jpg */ = {isa = PBXFileReference; lastKnownFileType = image.jpeg; path = "tick-ok-sign-26707.jpg"; sourceTree = "<group>"; };
/* End PBXFileReference section */

/* Begin PBXFrameworksBuildPhase section */
		FD2927F61A849E5400D9C49F /* Frameworks */ = {
			isa = PBXFrameworksBuildPhase;
			buildActionMask = 2147483647;
			files = (
			);
			runOnlyForDeploymentPostprocessing = 0;
		};
		FD29280B1A849E5400D9C49F /* Frameworks */ = {
			isa = PBXFrameworksBuildPhase;
			buildActionMask = 2147483647;
			files = (
			);
			runOnlyForDeploymentPostprocessing = 0;
		};
/* End PBXFrameworksBuildPhase section */

/* Begin PBXGroup section */
		FD2927F01A849E5400D9C49F = {
			isa = PBXGroup;
			children = (
				FD2927FB1A849E5400D9C49F /* TipCalculator */,
				FD2928111A849E5400D9C49F /* TipCalculatorTests */,
				FD2927FA1A849E5400D9C49F /* Products */,
			);
			sourceTree = "<group>";
		};
		FD2927FA1A849E5400D9C49F /* Products */ = {
			isa = PBXGroup;
			children = (
				FD2927F91A849E5400D9C49F /* TipCalculator.app */,
				FD29280E1A849E5400D9C49F /* TipCalculatorTests.xctest */,
			);
			name = Products;
			sourceTree = "<group>";
		};
		FD2927FB1A849E5400D9C49F /* TipCalculator */ = {
			isa = PBXGroup;
			children = (
				FD2927FE1A849E5400D9C49F /* AppDelegate.swift */,
				FD2928001A849E5400D9C49F /* ViewController.swift */,
				FD2928021A849E5400D9C49F /* Main.storyboard */,
				FD29281E1A84A83100D9C49F /* TipCalculatorModel.swift */,
				FD2928051A849E5400D9C49F /* Images.xcassets */,
				FD2928071A849E5400D9C49F /* LaunchScreen.xib */,
				FD2927FC1A849E5400D9C49F /* Supporting Files */,
			);
			path = TipCalculator;
			sourceTree = "<group>";
		};
		FD2927FC1A849E5400D9C49F /* Supporting Files */ = {
			isa = PBXGroup;
			children = (
				FD6B8ACA1AB9537300248FDF /* tick-ok-sign-26707.jpg */,
				FD2928201A84B70900D9C49F /* 1429_120627161341G9.png */,
				FD2927FD1A849E5400D9C49F /* Info.plist */,
			);
			name = "Supporting Files";
			sourceTree = "<group>";
		};
		FD2928111A849E5400D9C49F /* TipCalculatorTests */ = {
			isa = PBXGroup;
			children = (
				FD2928141A849E5400D9C49F /* TipCalculatorTests.swift */,
				FD2928121A849E5400D9C49F /* Supporting Files */,
			);
			path = TipCalculatorTests;
			sourceTree = "<group>";
		};
		FD2928121A849E5400D9C49F /* Supporting Files */ = {
			isa = PBXGroup;
			children = (
				FD2928131A849E5400D9C49F /* Info.plist */,
			);
			name = "Supporting Files";
			sourceTree = "<group>";
		};
/* End PBXGroup section */

/* Begin PBXNativeTarget section */
		FD2927F81A849E5400D9C49F /* TipCalculator */ = {
			isa = PBXNativeTarget;
			buildConfigurationList = FD2928181A849E5400D9C49F /* Build configuration list for PBXNativeTarget "TipCalculator" */;
			buildPhases = (
				FD2927F51A849E5400D9C49F /* Sources */,
				FD2927F61A849E5400D9C49F /* Frameworks */,
				FD2927F71A849E5400D9C49F /* Resources */,
			);
			buildRules = (
			);
			dependencies = (
			);
			name = TipCalculator;
			productName = TipCalculator;
			productReference = FD2927F91A849E5400D9C49F /* TipCalculator.app */;
			productType = "com.apple.product-type.application";
		};
		FD29280D1A849E5400D9C49F /* TipCalculatorTests */ = {
			isa = PBXNativeTarget;
			buildConfigurationList = FD29281B1A849E5400D9C49F /* Build configuration list for PBXNativeTarget "TipCalculatorTests" */;
			buildPhases = (
				FD29280A1A849E5400D9C49F /* Sources */,
				FD29280B1A849E5400D9C49F /* Frameworks */,
				FD29280C1A849E5400D9C49F /* Resources */,
			);
			buildRules = (
			);
			dependencies = (
				FD2928101A849E5400D9C49F /* PBXTargetDependency */,
			);
			name = TipCalculatorTests;
			productName = TipCalculatorTests;
			productReference = FD29280E1A849E5400D9C49F /* TipCalculatorTests.xctest */;
			productType = "com.apple.product-type.bundle.unit-test";
		};
/* End PBXNativeTarget section */

/* Begin PBXProject section */
		FD2927F11A849E5400D9C49F /* Project object */ = {
			isa = PBXProject;
			attributes = {
				LastUpgradeCheck = 0600;
				ORGANIZATIONNAME = iStudents;
				TargetAttributes = {
					FD2927F81A849E5400D9C49F = {
						CreatedOnToolsVersion = 6.0;
					};
					FD29280D1A849E5400D9C49F = {
						CreatedOnToolsVersion = 6.0;
						TestTargetID = FD2927F81A849E5400D9C49F;
					};
				};
			};
			buildConfigurationList = FD2927F41A849E5400D9C49F /* Build configuration list for PBXProject "TipCalculator" */;
			compatibilityVersion = "Xcode 3.2";
			developmentRegion = English;
			hasScannedForEncodings = 0;
			knownRegions = (
				en,
				Base,
			);
			mainGroup = FD2927F01A849E5400D9C49F;
			productRefGroup = FD2927FA1A849E5400D9C49F /* Products */;
			projectDirPath = "";
			projectRoot = "";
			targets = (
				FD2927F81A849E5400D9C49F /* TipCalculator */,
				FD29280D1A849E5400D9C49F /* TipCalculatorTests */,
			);
		};
/* End PBXProject section */

/* Begin PBXResourcesBuildPhase section */
		FD2927F71A849E5400D9C49F /* Resources */ = {
			isa = PBXResourcesBuildPhase;
			buildActionMask = 2147483647;
			files = (
				FD6B8ACB1AB9537300248FDF /* tick-ok-sign-26707.jpg in Resources */,
				FD2928041A849E5400D9C49F /* Main.storyboard in Resources */,
				FD2928091A849E5400D9C49F /* LaunchScreen.xib in Resources */,
				FD2928061A849E5400D9C49F /* Images.xcassets in Resources */,
				FD2928211A84B70900D9C49F /* 1429_120627161341G9.png in Resources */,
			);
			runOnlyForDeploymentPostprocessing = 0;
		};
		FD29280C1A849E5400D9C49F /* Resources */ = {
			isa = PBXResourcesBuildPhase;
			buildActionMask = 2147483647;
			files = (
			);
			runOnlyForDeploymentPostprocessing = 0;
		};
/* End PBXResourcesBuildPhase section */

/* Begin PBXSourcesBuildPhase section */
		FD2927F51A849E5400D9C49F /* Sources */ = {
			isa = PBXSourcesBuildPhase;
			buildActionMask = 2147483647;
			files = (
				FD29281F1A84A83100D9C49F /* TipCalculatorModel.swift in Sources */,
				FD2928011A849E5400D9C49F /* ViewController.swift in Sources */,
				FD2927FF1A849E5400D9C49F /* AppDelegate.swift in Sources */,
			);
			runOnlyForDeploymentPostprocessing = 0;
		};
		FD29280A1A849E5400D9C49F /* Sources */ = {
			isa = PBXSourcesBuildPhase;
			buildActionMask = 2147483647;
			files = (
				FD2928151A849E5400D9C49F /* TipCalculatorTests.swift in Sources */,
			);
			runOnlyForDeploymentPostprocessing = 0;
		};
/* End PBXSourcesBuildPhase section */

/* Begin PBXTargetDependency section */
		FD2928101A849E5400D9C49F /* PBXTargetDependency */ = {
			isa = PBXTargetDependency;
			target = FD2927F81A849E5400D9C49F /* TipCalculator */;
			targetProxy = FD29280F1A849E5400D9C49F /* PBXContainerItemProxy */;
		};
/* End PBXTargetDependency section */

/* Begin PBXVariantGroup section */
		FD2928021A849E5400D9C49F /* Main.storyboard */ = {
			isa = PBXVariantGroup;
			children = (
				FD2928031A849E5400D9C49F /* Base */,
			);
			name = Main.storyboard;
			sourceTree = "<group>";
		};
		FD2928071A849E5400D9C49F /* LaunchScreen.xib */ = {
			isa = PBXVariantGroup;
			children = (
				FD2928081A849E5400D9C49F /* Base */,
			);
			name = LaunchScreen.xib;
			sourceTree = "<group>";
		};
/* End PBXVariantGroup section */

/* Begin XCBuildConfiguration section */
		FD2928161A849E5400D9C49F /* Debug */ = {
			isa = XCBuildConfiguration;
			buildSettings = {
				ALWAYS_SEARCH_USER_PATHS = NO;
				CLANG_CXX_LANGUAGE_STANDARD = "gnu++0x";
				CLANG_CXX_LIBRARY = "libc++";
				CLANG_ENABLE_MODULES = YES;
				CLANG_ENABLE_OBJC_ARC = YES;
				CLANG_WARN_BOOL_CONVERSION = YES;
				CLANG_WARN_CONSTANT_CONVERSION = YES;
				CLANG_WARN_DIRECT_OBJC_ISA_USAGE = YES_ERROR;
				CLANG_WARN_EMPTY_BODY = YES;
				CLANG_WARN_ENUM_CONVERSION = YES;
				CLANG_WARN_INT_CONVERSION = YES;
				CLANG_WARN_OBJC_ROOT_CLASS = YES_ERROR;
				CLANG_WARN_UNREACHABLE_CODE = YES;
				CLANG_WARN__DUPLICATE_METHOD_MATCH = YES;
				"CODE_SIGN_IDENTITY[sdk=iphoneos*]" = "iPhone Developer";
				COPY_PHASE_STRIP = NO;
				ENABLE_STRICT_OBJC_MSGSEND = YES;
				GCC_C_LANGUAGE_STANDARD = gnu99;
				GCC_DYNAMIC_NO_PIC = NO;
				GCC_OPTIMIZATION_LEVEL = 0;
				GCC_PREPROCESSOR_DEFINITIONS = (
					"DEBUG=1",
					"$(inherited)",
				);
				GCC_SYMBOLS_PRIVATE_EXTERN = NO;
				GCC_WARN_64_TO_32_BIT_CONVERSION = YES;
				GCC_WARN_ABOUT_RETURN_TYPE = YES_ERROR;
				GCC_WARN_UNDECLARED_SELECTOR = YES;
				GCC_WARN_UNINITIALIZED_AUTOS = YES_AGGRESSIVE;
				GCC_WARN_UNUSED_FUNCTION = YES;
				GCC_WARN_UNUSED_VARIABLE = YES;
				IPHONEOS_DEPLOYMENT_TARGET = 8.0;
				MTL_ENABLE_DEBUG_INFO = YES;
				ONLY_ACTIVE_ARCH = YES;
				SDKROOT = iphoneos;
				SWIFT_OPTIMIZATION_LEVEL = "-Onone";
			};
			name = Debug;
		};
		FD2928171A849E5400D9C49F /* Release */ = {
			isa = XCBuildConfiguration;
			buildSettings = {
				ALWAYS_SEARCH_USER_PATHS = NO;
				CLANG_CXX_LANGUAGE_STANDARD = "gnu++0x";
				CLANG_CXX_LIBRARY = "libc++";
				CLANG_ENABLE_MODULES = YES;
				CLANG_ENABLE_OBJC_ARC = YES;
				CLANG_WARN_BOOL_CONVERSION = YES;
				CLANG_WARN_CONSTANT_CONVERSION = YES;
				CLANG_WARN_DIRECT_OBJC_ISA_USAGE = YES_ERROR;
				CLANG_WARN_EMPTY_BODY = YES;
				CLANG_WARN_ENUM_CONVERSION = YES;
				CLANG_WARN_INT_CONVERSION = YES;
				CLANG_WARN_OBJC_ROOT_CLASS = YES_ERROR;
				CLANG_WARN_UNREACHABLE_CODE = YES;
				CLANG_WARN__DUPLICATE_METHOD_MATCH = YES;
				"CODE_SIGN_IDENTITY[sdk=iphoneos*]" = "iPhone Developer";
				COPY_PHASE_STRIP = YES;
				ENABLE_NS_ASSERTIONS = NO;
				ENABLE_STRICT_OBJC_MSGSEND = YES;
				GCC_C_LANGUAGE_STANDARD = gnu99;
				GCC_WARN_64_TO_32_BIT_CONVERSION = YES;
				GCC_WARN_ABOUT_RETURN_TYPE = YES_ERROR;
				GCC_WARN_UNDECLARED_SELECTOR = YES;
				GCC_WARN_UNINITIALIZED_AUTOS = YES_AGGRESSIVE;
				GCC_WARN_UNUSED_FUNCTION = YES;
				GCC_WARN_UNUSED_VARIABLE = YES;
				IPHONEOS_DEPLOYMENT_TARGET = 8.0;
				MTL_ENABLE_DEBUG_INFO = NO;
				SDKROOT = iphoneos;
				VALIDATE_PRODUCT = YES;
			};
			name = Release;
		};
		FD2928191A849E5400D9C49F /* Debug */ = {
			isa = XCBuildConfiguration;
			buildSettings = {
				ASSETCATALOG_COMPILER_APPICON_NAME = AppIcon;
				INFOPLIST_FILE = TipCalculator/Info.plist;
				LD_RUNPATH_SEARCH_PATHS = "$(inherited) @executable_path/Frameworks";
				PRODUCT_NAME = "$(TARGET_NAME)";
			};
			name = Debug;
		};
		FD29281A1A849E5400D9C49F /* Release */ = {
			isa = XCBuildConfiguration;
			buildSettings = {
				ASSETCATALOG_COMPILER_APPICON_NAME = AppIcon;
				INFOPLIST_FILE = TipCalculator/Info.plist;
				LD_RUNPATH_SEARCH_PATHS = "$(inherited) @executable_path/Frameworks";
				PRODUCT_NAME = "$(TARGET_NAME)";
			};
			name = Release;
		};
		FD29281C1A849E5400D9C49F /* Debug */ = {
			isa = XCBuildConfiguration;
			buildSettings = {
				BUNDLE_LOADER = "$(TEST_HOST)";
				FRAMEWORK_SEARCH_PATHS = (
					"$(SDKROOT)/Developer/Library/Frameworks",
					"$(inherited)",
				);
				GCC_PREPROCESSOR_DEFINITIONS = (
					"DEBUG=1",
					"$(inherited)",
				);
				INFOPLIST_FILE = TipCalculatorTests/Info.plist;
				LD_RUNPATH_SEARCH_PATHS = "$(inherited) @executable_path/Frameworks @loader_path/Frameworks";
				PRODUCT_NAME = "$(TARGET_NAME)";
				TEST_HOST = "$(BUILT_PRODUCTS_DIR)/TipCalculator.app/TipCalculator";
			};
			name = Debug;
		};
		FD29281D1A849E5400D9C49F /* Release */ = {
			isa = XCBuildConfiguration;
			buildSettings = {
				BUNDLE_LOADER = "$(TEST_HOST)";
				FRAMEWORK_SEARCH_PATHS = (
					"$(SDKROOT)/Developer/Library/Frameworks",
					"$(inherited)",
				);
				INFOPLIST_FILE = TipCalculatorTests/Info.plist;
				LD_RUNPATH_SEARCH_PATHS = "$(inherited) @executable_path/Frameworks @loader_path/Frameworks";
				PRODUCT_NAME = "$(TARGET_NAME)";
				TEST_HOST = "$(BUILT_PRODUCTS_DIR)/TipCalculator.app/TipCalculator";
			};
			name = Release;
		};
/* End XCBuildConfiguration section */

/* Begin XCConfigurationList section */
		FD2927F41A849E5400D9C49F /* Build configuration list for PBXProject "TipCalculator" */ = {
			isa = XCConfigurationList;
			buildConfigurations = (
				FD2928161A849E5400D9C49F /* Debug */,
				FD2928171A849E5400D9C49F /* Release */,
			);
			defaultConfigurationIsVisible = 0;
			defaultConfigurationName = Release;
		};
		FD2928181A849E5400D9C49F /* Build configuration list for PBXNativeTarget "TipCalculator" */ = {
			isa = XCConfigurationList;
			buildConfigurations = (
				FD2928191A849E5400D9C49F /* Debug */,
				FD29281A1A849E5400D9C49F /* Release */,
			);
			defaultConfigurationIsVisible = 0;
			defaultConfigurationName = Release;
		};
		FD29281B1A849E5400D9C49F /* Build configuration list for PBXNativeTarget "TipCalculatorTests" */ = {
			isa = XCConfigurationList;
			buildConfigurations = (
				FD29281C1A849E5400D9C49F /* Debug */,
				FD29281D1A849E5400D9C49F /* Release */,
			);
			defaultConfigurationIsVisible = 0;
			defaultConfigurationName = Release;
		};
/* End XCConfigurationList section */
	};
	rootObject = FD2927F11A849E5400D9C49F /* Project object */;
}
