// !$*UTF8*$!
{
	archiveVersion = 1;
	classes = {
	};
	objectVersion = 46;
	objects = {

/* Begin PBXBuildFile section */
		FD53596F1AB2B6A600871D4D /* AppDelegate.swift in Sources */ = {isa = PBXBuildFile; fileRef = FD53596E1AB2B6A600871D4D /* AppDelegate.swift */; };
		FD5359711AB2B6A600871D4D /* ViewController.swift in Sources */ = {isa = PBXBuildFile; fileRef = FD5359701AB2B6A600871D4D /* ViewController.swift */; };
		FD5359741AB2B6A600871D4D /* Main.storyboard in Resources */ = {isa = PBXBuildFile; fileRef = FD5359721AB2B6A600871D4D /* Main.storyboard */; };
		FD5359761AB2B6A600871D4D /* Images.xcassets in Resources */ = {isa = PBXBuildFile; fileRef = FD5359751AB2B6A600871D4D /* Images.xcassets */; };
		FD5359791AB2B6A600871D4D /* LaunchScreen.xib in Resources */ = {isa = PBXBuildFile; fileRef = FD5359771AB2B6A600871D4D /* LaunchScreen.xib */; };
		FD5359851AB2B6A600871D4D /* Exam1_55011212176Tests.swift in Sources */ = {isa = PBXBuildFile; fileRef = FD5359841AB2B6A600871D4D /* Exam1_55011212176Tests.swift */; };
		FD53598F1AB2D18D00871D4D /* bg.jpg in Resources */ = {isa = PBXBuildFile; fileRef = FD53598E1AB2D18D00871D4D /* bg.jpg */; };
		FD5359911AB2D41A00871D4D /* fgrsdfs.jpg in Resources */ = {isa = PBXBuildFile; fileRef = FD5359901AB2D41A00871D4D /* fgrsdfs.jpg */; };
/* End PBXBuildFile section */

/* Begin PBXContainerItemProxy section */
		FD53597F1AB2B6A600871D4D /* PBXContainerItemProxy */ = {
			isa = PBXContainerItemProxy;
			containerPortal = FD5359611AB2B6A600871D4D /* Project object */;
			proxyType = 1;
			remoteGlobalIDString = FD5359681AB2B6A600871D4D;
			remoteInfo = Exam1_55011212176;
		};
/* End PBXContainerItemProxy section */

/* Begin PBXFileReference section */
		FD5359691AB2B6A600871D4D /* Exam1_55011212176.app */ = {isa = PBXFileReference; explicitFileType = wrapper.application; includeInIndex = 0; path = Exam1_55011212176.app; sourceTree = BUILT_PRODUCTS_DIR; };
		FD53596D1AB2B6A600871D4D /* Info.plist */ = {isa = PBXFileReference; lastKnownFileType = text.plist.xml; path = Info.plist; sourceTree = "<group>"; };
		FD53596E1AB2B6A600871D4D /* AppDelegate.swift */ = {isa = PBXFileReference; lastKnownFileType = sourcecode.swift; path = AppDelegate.swift; sourceTree = "<group>"; };
		FD5359701AB2B6A600871D4D /* ViewController.swift */ = {isa = PBXFileReference; lastKnownFileType = sourcecode.swift; path = ViewController.swift; sourceTree = "<group>"; };
		FD5359731AB2B6A600871D4D /* Base */ = {isa = PBXFileReference; lastKnownFileType = file.storyboard; name = Base; path = Base.lproj/Main.storyboard; sourceTree = "<group>"; };
		FD5359751AB2B6A600871D4D /* Images.xcassets */ = {isa = PBXFileReference; lastKnownFileType = folder.assetcatalog; path = Images.xcassets; sourceTree = "<group>"; };
		FD5359781AB2B6A600871D4D /* Base */ = {isa = PBXFileReference; lastKnownFileType = file.xib; name = Base; path = Base.lproj/LaunchScreen.xib; sourceTree = "<group>"; };
		FD53597E1AB2B6A600871D4D /* Exam1_55011212176Tests.xctest */ = {isa = PBXFileReference; explicitFileType = wrapper.cfbundle; includeInIndex = 0; path = Exam1_55011212176Tests.xctest; sourceTree = BUILT_PRODUCTS_DIR; };
		FD5359831AB2B6A600871D4D /* Info.plist */ = {isa = PBXFileReference; lastKnownFileType = text.plist.xml; path = Info.plist; sourceTree = "<group>"; };
		FD5359841AB2B6A600871D4D /* Exam1_55011212176Tests.swift */ = {isa = PBXFileReference; lastKnownFileType = sourcecode.swift; path = Exam1_55011212176Tests.swift; sourceTree = "<group>"; };
		FD53598E1AB2D18D00871D4D /* bg.jpg */ = {isa = PBXFileReference; lastKnownFileType = image.jpeg; path = bg.jpg; sourceTree = "<group>"; };
		FD5359901AB2D41A00871D4D /* fgrsdfs.jpg */ = {isa = PBXFileReference; lastKnownFileType = image.jpeg; path = fgrsdfs.jpg; sourceTree = "<group>"; };
/* End PBXFileReference section */

/* Begin PBXFrameworksBuildPhase section */
		FD5359661AB2B6A600871D4D /* Frameworks */ = {
			isa = PBXFrameworksBuildPhase;
			buildActionMask = 2147483647;
			files = (
			);
			runOnlyForDeploymentPostprocessing = 0;
		};
		FD53597B1AB2B6A600871D4D /* Frameworks */ = {
			isa = PBXFrameworksBuildPhase;
			buildActionMask = 2147483647;
			files = (
			);
			runOnlyForDeploymentPostprocessing = 0;
		};
/* End PBXFrameworksBuildPhase section */

/* Begin PBXGroup section */
		FD5359601AB2B6A600871D4D = {
			isa = PBXGroup;
			children = (
				FD53596B1AB2B6A600871D4D /* Exam1_55011212176 */,
				FD5359811AB2B6A600871D4D /* Exam1_55011212176Tests */,
				FD53596A1AB2B6A600871D4D /* Products */,
			);
			sourceTree = "<group>";
		};
		FD53596A1AB2B6A600871D4D /* Products */ = {
			isa = PBXGroup;
			children = (
				FD5359691AB2B6A600871D4D /* Exam1_55011212176.app */,
				FD53597E1AB2B6A600871D4D /* Exam1_55011212176Tests.xctest */,
			);
			name = Products;
			sourceTree = "<group>";
		};
		FD53596B1AB2B6A600871D4D /* Exam1_55011212176 */ = {
			isa = PBXGroup;
			children = (
				FD53596E1AB2B6A600871D4D /* AppDelegate.swift */,
				FD5359701AB2B6A600871D4D /* ViewController.swift */,
				FD5359721AB2B6A600871D4D /* Main.storyboard */,
				FD5359751AB2B6A600871D4D /* Images.xcassets */,
				FD5359771AB2B6A600871D4D /* LaunchScreen.xib */,
				FD53596C1AB2B6A600871D4D /* Supporting Files */,
			);
			path = Exam1_55011212176;
			sourceTree = "<group>";
		};
		FD53596C1AB2B6A600871D4D /* Supporting Files */ = {
			isa = PBXGroup;
			children = (
				FD5359901AB2D41A00871D4D /* fgrsdfs.jpg */,
				FD53598E1AB2D18D00871D4D /* bg.jpg */,
				FD53596D1AB2B6A600871D4D /* Info.plist */,
			);
			name = "Supporting Files";
			sourceTree = "<group>";
		};
		FD5359811AB2B6A600871D4D /* Exam1_55011212176Tests */ = {
			isa = PBXGroup;
			children = (
				FD5359841AB2B6A600871D4D /* Exam1_55011212176Tests.swift */,
				FD5359821AB2B6A600871D4D /* Supporting Files */,
			);
			path = Exam1_55011212176Tests;
			sourceTree = "<group>";
		};
		FD5359821AB2B6A600871D4D /* Supporting Files */ = {
			isa = PBXGroup;
			children = (
				FD5359831AB2B6A600871D4D /* Info.plist */,
			);
			name = "Supporting Files";
			sourceTree = "<group>";
		};
/* End PBXGroup section */

/* Begin PBXNativeTarget section */
		FD5359681AB2B6A600871D4D /* Exam1_55011212176 */ = {
			isa = PBXNativeTarget;
			buildConfigurationList = FD5359881AB2B6A600871D4D /* Build configuration list for PBXNativeTarget "Exam1_55011212176" */;
			buildPhases = (
				FD5359651AB2B6A600871D4D /* Sources */,
				FD5359661AB2B6A600871D4D /* Frameworks */,
				FD5359671AB2B6A600871D4D /* Resources */,
			);
			buildRules = (
			);
			dependencies = (
			);
			name = Exam1_55011212176;
			productName = Exam1_55011212176;
			productReference = FD5359691AB2B6A600871D4D /* Exam1_55011212176.app */;
			productType = "com.apple.product-type.application";
		};
		FD53597D1AB2B6A600871D4D /* Exam1_55011212176Tests */ = {
			isa = PBXNativeTarget;
			buildConfigurationList = FD53598B1AB2B6A600871D4D /* Build configuration list for PBXNativeTarget "Exam1_55011212176Tests" */;
			buildPhases = (
				FD53597A1AB2B6A600871D4D /* Sources */,
				FD53597B1AB2B6A600871D4D /* Frameworks */,
				FD53597C1AB2B6A600871D4D /* Resources */,
			);
			buildRules = (
			);
			dependencies = (
				FD5359801AB2B6A600871D4D /* PBXTargetDependency */,
			);
			name = Exam1_55011212176Tests;
			productName = Exam1_55011212176Tests;
			productReference = FD53597E1AB2B6A600871D4D /* Exam1_55011212176Tests.xctest */;
			productType = "com.apple.product-type.bundle.unit-test";
		};
/* End PBXNativeTarget section */

/* Begin PBXProject section */
		FD5359611AB2B6A600871D4D /* Project object */ = {
			isa = PBXProject;
			attributes = {
				LastUpgradeCheck = 0600;
				ORGANIZATIONNAME = iStudents;
				TargetAttributes = {
					FD5359681AB2B6A600871D4D = {
						CreatedOnToolsVersion = 6.0;
					};
					FD53597D1AB2B6A600871D4D = {
						CreatedOnToolsVersion = 6.0;
						TestTargetID = FD5359681AB2B6A600871D4D;
					};
				};
			};
			buildConfigurationList = FD5359641AB2B6A600871D4D /* Build configuration list for PBXProject "Exam1_55011212176" */;
			compatibilityVersion = "Xcode 3.2";
			developmentRegion = English;
			hasScannedForEncodings = 0;
			knownRegions = (
				en,
				Base,
			);
			mainGroup = FD5359601AB2B6A600871D4D;
			productRefGroup = FD53596A1AB2B6A600871D4D /* Products */;
			projectDirPath = "";
			projectRoot = "";
			targets = (
				FD5359681AB2B6A600871D4D /* Exam1_55011212176 */,
				FD53597D1AB2B6A600871D4D /* Exam1_55011212176Tests */,
			);
		};
/* End PBXProject section */

/* Begin PBXResourcesBuildPhase section */
		FD5359671AB2B6A600871D4D /* Resources */ = {
			isa = PBXResourcesBuildPhase;
			buildActionMask = 2147483647;
			files = (
				FD5359741AB2B6A600871D4D /* Main.storyboard in Resources */,
				FD5359791AB2B6A600871D4D /* LaunchScreen.xib in Resources */,
				FD5359911AB2D41A00871D4D /* fgrsdfs.jpg in Resources */,
				FD5359761AB2B6A600871D4D /* Images.xcassets in Resources */,
				FD53598F1AB2D18D00871D4D /* bg.jpg in Resources */,
			);
			runOnlyForDeploymentPostprocessing = 0;
		};
		FD53597C1AB2B6A600871D4D /* Resources */ = {
			isa = PBXResourcesBuildPhase;
			buildActionMask = 2147483647;
			files = (
			);
			runOnlyForDeploymentPostprocessing = 0;
		};
/* End PBXResourcesBuildPhase section */

/* Begin PBXSourcesBuildPhase section */
		FD5359651AB2B6A600871D4D /* Sources */ = {
			isa = PBXSourcesBuildPhase;
			buildActionMask = 2147483647;
			files = (
				FD5359711AB2B6A600871D4D /* ViewController.swift in Sources */,
				FD53596F1AB2B6A600871D4D /* AppDelegate.swift in Sources */,
			);
			runOnlyForDeploymentPostprocessing = 0;
		};
		FD53597A1AB2B6A600871D4D /* Sources */ = {
			isa = PBXSourcesBuildPhase;
			buildActionMask = 2147483647;
			files = (
				FD5359851AB2B6A600871D4D /* Exam1_55011212176Tests.swift in Sources */,
			);
			runOnlyForDeploymentPostprocessing = 0;
		};
/* End PBXSourcesBuildPhase section */

/* Begin PBXTargetDependency section */
		FD5359801AB2B6A600871D4D /* PBXTargetDependency */ = {
			isa = PBXTargetDependency;
			target = FD5359681AB2B6A600871D4D /* Exam1_55011212176 */;
			targetProxy = FD53597F1AB2B6A600871D4D /* PBXContainerItemProxy */;
		};
/* End PBXTargetDependency section */

/* Begin PBXVariantGroup section */
		FD5359721AB2B6A600871D4D /* Main.storyboard */ = {
			isa = PBXVariantGroup;
			children = (
				FD5359731AB2B6A600871D4D /* Base */,
			);
			name = Main.storyboard;
			sourceTree = "<group>";
		};
		FD5359771AB2B6A600871D4D /* LaunchScreen.xib */ = {
			isa = PBXVariantGroup;
			children = (
				FD5359781AB2B6A600871D4D /* Base */,
			);
			name = LaunchScreen.xib;
			sourceTree = "<group>";
		};
/* End PBXVariantGroup section */

/* Begin XCBuildConfiguration section */
		FD5359861AB2B6A600871D4D /* Debug */ = {
			isa = XCBuildConfiguration;
			buildSettings = {
				ALWAYS_SEARCH_USER_PATHS = NO;
				CLANG_CXX_LANGUAGE_STANDARD = "gnu++0x";
				CLANG_CXX_LIBRARY = "libc++";
				CLANG_ENABLE_MODULES = YES;
				CLANG_ENABLE_OBJC_ARC = YES;
				CLANG_WARN_BOOL_CONVERSION = YES;
				CLANG_WARN_CONSTANT_CONVERSION = YES;
				CLANG_WARN_DIRECT_OBJC_ISA_USAGE = YES_ERROR;
				CLANG_WARN_EMPTY_BODY = YES;
				CLANG_WARN_ENUM_CONVERSION = YES;
				CLANG_WARN_INT_CONVERSION = YES;
				CLANG_WARN_OBJC_ROOT_CLASS = YES_ERROR;
				CLANG_WARN_UNREACHABLE_CODE = YES;
				CLANG_WARN__DUPLICATE_METHOD_MATCH = YES;
				"CODE_SIGN_IDENTITY[sdk=iphoneos*]" = "iPhone Developer";
				COPY_PHASE_STRIP = NO;
				ENABLE_STRICT_OBJC_MSGSEND = YES;
				GCC_C_LANGUAGE_STANDARD = gnu99;
				GCC_DYNAMIC_NO_PIC = NO;
				GCC_OPTIMIZATION_LEVEL = 0;
				GCC_PREPROCESSOR_DEFINITIONS = (
					"DEBUG=1",
					"$(inherited)",
				);
				GCC_SYMBOLS_PRIVATE_EXTERN = NO;
				GCC_WARN_64_TO_32_BIT_CONVERSION = YES;
				GCC_WARN_ABOUT_RETURN_TYPE = YES_ERROR;
				GCC_WARN_UNDECLARED_SELECTOR = YES;
				GCC_WARN_UNINITIALIZED_AUTOS = YES_AGGRESSIVE;
				GCC_WARN_UNUSED_FUNCTION = YES;
				GCC_WARN_UNUSED_VARIABLE = YES;
				IPHONEOS_DEPLOYMENT_TARGET = 8.0;
				MTL_ENABLE_DEBUG_INFO = YES;
				ONLY_ACTIVE_ARCH = YES;
				SDKROOT = iphoneos;
				SWIFT_OPTIMIZATION_LEVEL = "-Onone";
			};
			name = Debug;
		};
		FD5359871AB2B6A600871D4D /* Release */ = {
			isa = XCBuildConfiguration;
			buildSettings = {
				ALWAYS_SEARCH_USER_PATHS = NO;
				CLANG_CXX_LANGUAGE_STANDARD = "gnu++0x";
				CLANG_CXX_LIBRARY = "libc++";
				CLANG_ENABLE_MODULES = YES;
				CLANG_ENABLE_OBJC_ARC = YES;
				CLANG_WARN_BOOL_CONVERSION = YES;
				CLANG_WARN_CONSTANT_CONVERSION = YES;
				CLANG_WARN_DIRECT_OBJC_ISA_USAGE = YES_ERROR;
				CLANG_WARN_EMPTY_BODY = YES;
				CLANG_WARN_ENUM_CONVERSION = YES;
				CLANG_WARN_INT_CONVERSION = YES;
				CLANG_WARN_OBJC_ROOT_CLASS = YES_ERROR;
				CLANG_WARN_UNREACHABLE_CODE = YES;
				CLANG_WARN__DUPLICATE_METHOD_MATCH = YES;
				"CODE_SIGN_IDENTITY[sdk=iphoneos*]" = "iPhone Developer";
				COPY_PHASE_STRIP = YES;
				ENABLE_NS_ASSERTIONS = NO;
				ENABLE_STRICT_OBJC_MSGSEND = YES;
				GCC_C_LANGUAGE_STANDARD = gnu99;
				GCC_WARN_64_TO_32_BIT_CONVERSION = YES;
				GCC_WARN_ABOUT_RETURN_TYPE = YES_ERROR;
				GCC_WARN_UNDECLARED_SELECTOR = YES;
				GCC_WARN_UNINITIALIZED_AUTOS = YES_AGGRESSIVE;
				GCC_WARN_UNUSED_FUNCTION = YES;
				GCC_WARN_UNUSED_VARIABLE = YES;
				IPHONEOS_DEPLOYMENT_TARGET = 8.0;
				MTL_ENABLE_DEBUG_INFO = NO;
				SDKROOT = iphoneos;
				VALIDATE_PRODUCT = YES;
			};
			name = Release;
		};
		FD5359891AB2B6A600871D4D /* Debug */ = {
			isa = XCBuildConfiguration;
			buildSettings = {
				ASSETCATALOG_COMPILER_APPICON_NAME = AppIcon;
				INFOPLIST_FILE = Exam1_55011212176/Info.plist;
				LD_RUNPATH_SEARCH_PATHS = "$(inherited) @executable_path/Frameworks";
				PRODUCT_NAME = "$(TARGET_NAME)";
			};
			name = Debug;
		};
		FD53598A1AB2B6A600871D4D /* Release */ = {
			isa = XCBuildConfiguration;
			buildSettings = {
				ASSETCATALOG_COMPILER_APPICON_NAME = AppIcon;
				INFOPLIST_FILE = Exam1_55011212176/Info.plist;
				LD_RUNPATH_SEARCH_PATHS = "$(inherited) @executable_path/Frameworks";
				PRODUCT_NAME = "$(TARGET_NAME)";
			};
			name = Release;
		};
		FD53598C1AB2B6A600871D4D /* Debug */ = {
			isa = XCBuildConfiguration;
			buildSettings = {
				BUNDLE_LOADER = "$(TEST_HOST)";
				FRAMEWORK_SEARCH_PATHS = (
					"$(SDKROOT)/Developer/Library/Frameworks",
					"$(inherited)",
				);
				GCC_PREPROCESSOR_DEFINITIONS = (
					"DEBUG=1",
					"$(inherited)",
				);
				INFOPLIST_FILE = Exam1_55011212176Tests/Info.plist;
				LD_RUNPATH_SEARCH_PATHS = "$(inherited) @executable_path/Frameworks @loader_path/Frameworks";
				PRODUCT_NAME = "$(TARGET_NAME)";
				TEST_HOST = "$(BUILT_PRODUCTS_DIR)/Exam1_55011212176.app/Exam1_55011212176";
			};
			name = Debug;
		};
		FD53598D1AB2B6A600871D4D /* Release */ = {
			isa = XCBuildConfiguration;
			buildSettings = {
				BUNDLE_LOADER = "$(TEST_HOST)";
				FRAMEWORK_SEARCH_PATHS = (
					"$(SDKROOT)/Developer/Library/Frameworks",
					"$(inherited)",
				);
				INFOPLIST_FILE = Exam1_55011212176Tests/Info.plist;
				LD_RUNPATH_SEARCH_PATHS = "$(inherited) @executable_path/Frameworks @loader_path/Frameworks";
				PRODUCT_NAME = "$(TARGET_NAME)";
				TEST_HOST = "$(BUILT_PRODUCTS_DIR)/Exam1_55011212176.app/Exam1_55011212176";
			};
			name = Release;
		};
/* End XCBuildConfiguration section */

/* Begin XCConfigurationList section */
		FD5359641AB2B6A600871D4D /* Build configuration list for PBXProject "Exam1_55011212176" */ = {
			isa = XCConfigurationList;
			buildConfigurations = (
				FD5359861AB2B6A600871D4D /* Debug */,
				FD5359871AB2B6A600871D4D /* Release */,
			);
			defaultConfigurationIsVisible = 0;
			defaultConfigurationName = Release;
		};
		FD5359881AB2B6A600871D4D /* Build configuration list for PBXNativeTarget "Exam1_55011212176" */ = {
			isa = XCConfigurationList;
			buildConfigurations = (
				FD5359891AB2B6A600871D4D /* Debug */,
				FD53598A1AB2B6A600871D4D /* Release */,
			);
			defaultConfigurationIsVisible = 0;
		};
		FD53598B1AB2B6A600871D4D /* Build configuration list for PBXNativeTarget "Exam1_55011212176Tests" */ = {
			isa = XCConfigurationList;
			buildConfigurations = (
				FD53598C1AB2B6A600871D4D /* Debug */,
				FD53598D1AB2B6A600871D4D /* Release */,
			);
			defaultConfigurationIsVisible = 0;
		};
/* End XCConfigurationList section */
	};
	rootObject = FD5359611AB2B6A600871D4D /* Project object */;
}
